
Microsoft Visual Studio Solution File, Format Version 12.00
# Visual Studio Version 17
VisualStudioVersion = 17.7.34009.444
MinimumVisualStudioVersion = 10.0.40219.1
Project("{8BC9CEB8-8B4A-11D0-8D11-00A0C91BC942}") = "estudos-basicos-CMaisMais", "estudos-basicos-CMaisMais\estudos-basicos-CMaisMais.vcxproj", "{4D6153F9-73FA-4FBB-86DD-686A150CDAB9}"
EndProject
Global
	GlobalSection(SolutionConfigurationPlatforms) = preSolution
		Debug|x64 = Debug|x64
		Debug|x86 = Debug|x86
		Release|x64 = Release|x64
		Release|x86 = Release|x86
	EndGlobalSection
	GlobalSection(ProjectConfigurationPlatforms) = postSolution
		{4D6153F9-73FA-4FBB-86DD-686A150CDAB9}.Debug|x64.ActiveCfg = Debug|x64
		{4D6153F9-73FA-4FBB-86DD-686A150CDAB9}.Debug|x64.Build.0 = Debug|x64
		{4D6153F9-73FA-4FBB-86DD-686A150CDAB9}.Debug|x86.ActiveCfg = Debug|Win32
		{4D6153F9-73FA-4FBB-86DD-686A150CDAB9}.Debug|x86.Build.0 = Debug|Win32
		{4D6153F9-73FA-4FBB-86DD-686A150CDAB9}.Release|x64.ActiveCfg = Release|x64
		{4D6153F9-73FA-4FBB-86DD-686A150CDAB9}.Release|x64.Build.0 = Release|x64
		{4D6153F9-73FA-4FBB-86DD-686A150CDAB9}.Release|x86.ActiveCfg = Release|Win32
		{4D6153F9-73FA-4FBB-86DD-686A150CDAB9}.Release|x86.Build.0 = Release|Win32
	EndGlobalSection
	GlobalSection(SolutionProperties) = preSolution
		HideSolutionNode = FALSE
	EndGlobalSection
	GlobalSection(ExtensibilityGlobals) = postSolution
		SolutionGuid = {66F44142-6FFF-44FB-BCDB-0AAC52DE8BA3}
	EndGlobalSection
EndGlobal
